
Microsoft Visual Studio Solution File, Format Version 12.00
# Visual Studio 15
VisualStudioVersion = 15.0.28010.2036
MinimumVisualStudioVersion = 10.0.40219.1
Project("{FAE04EC0-301F-11D3-BF4B-00C04F79EFBC}") = "Demo.TDDCollection", "Demo.TDDCollection\Demo.TDDCollection.csproj", "{3D9274B5-B5EF-4028-A967-2ADC5ECBD89B}"
EndProject
Project("{FAE04EC0-301F-11D3-BF4B-00C04F79EFBC}") = "UnitTestProject", "UnitTestProject\UnitTestProject.csproj", "{F7795E58-635C-406C-BC27-6990DEF3AE89}"
EndProject
Global
	GlobalSection(SolutionConfigurationPlatforms) = preSolution
		Debug|Any CPU = Debug|Any CPU
		Release|Any CPU = Release|Any CPU
	EndGlobalSection
	GlobalSection(ProjectConfigurationPlatforms) = postSolution
		{3D9274B5-B5EF-4028-A967-2ADC5ECBD89B}.Debug|Any CPU.ActiveCfg = Debug|Any CPU
		{3D9274B5-B5EF-4028-A967-2ADC5ECBD89B}.Debug|Any CPU.Build.0 = Debug|Any CPU
		{3D9274B5-B5EF-4028-A967-2ADC5ECBD89B}.Release|Any CPU.ActiveCfg = Release|Any CPU
		{3D9274B5-B5EF-4028-A967-2ADC5ECBD89B}.Release|Any CPU.Build.0 = Release|Any CPU
		{F7795E58-635C-406C-BC27-6990DEF3AE89}.Debug|Any CPU.ActiveCfg = Debug|Any CPU
		{F7795E58-635C-406C-BC27-6990DEF3AE89}.Debug|Any CPU.Build.0 = Debug|Any CPU
		{F7795E58-635C-406C-BC27-6990DEF3AE89}.Release|Any CPU.ActiveCfg = Release|Any CPU
		{F7795E58-635C-406C-BC27-6990DEF3AE89}.Release|Any CPU.Build.0 = Release|Any CPU
	EndGlobalSection
	GlobalSection(SolutionProperties) = preSolution
		HideSolutionNode = FALSE
	EndGlobalSection
	GlobalSection(ExtensibilityGlobals) = postSolution
		SolutionGuid = {89796B8B-EA82-46EF-8D60-861C4BD221E0}
	EndGlobalSection
EndGlobal
